// !$*UTF8*$!
{
	archiveVersion = 1;
	classes = {
	};
	objectVersion = 50;
	objects = {

/* Begin PBXBuildFile section */
		3AA93D45230F9E67003FBBF8 /* AppDelegate.swift in Sources */ = {isa = PBXBuildFile; fileRef = 3AA93D44230F9E67003FBBF8 /* AppDelegate.swift */; };
		3AA93D47230F9E67003FBBF8 /* ViewController.swift in Sources */ = {isa = PBXBuildFile; fileRef = 3AA93D46230F9E67003FBBF8 /* ViewController.swift */; };
		3AA93D4A230F9E67003FBBF8 /* Main.storyboard in Resources */ = {isa = PBXBuildFile; fileRef = 3AA93D48230F9E67003FBBF8 /* Main.storyboard */; };
		3AA93D4C230F9E68003FBBF8 /* Assets.xcassets in Resources */ = {isa = PBXBuildFile; fileRef = 3AA93D4B230F9E68003FBBF8 /* Assets.xcassets */; };
		3AA93D4F230F9E68003FBBF8 /* LaunchScreen.storyboard in Resources */ = {isa = PBXBuildFile; fileRef = 3AA93D4D230F9E68003FBBF8 /* LaunchScreen.storyboard */; };
		3AA93D57230FA2E3003FBBF8 /* Model.swift in Sources */ = {isa = PBXBuildFile; fileRef = 3AA93D56230FA2E3003FBBF8 /* Model.swift */; };
		3AA93D5A230FCEEB003FBBF8 /* ListViewController.swift in Sources */ = {isa = PBXBuildFile; fileRef = 3AA93D58230FCEEB003FBBF8 /* ListViewController.swift */; };
		3AA93D5B230FCEEB003FBBF8 /* ListViewController.xib in Resources */ = {isa = PBXBuildFile; fileRef = 3AA93D59230FCEEB003FBBF8 /* ListViewController.xib */; };
/* End PBXBuildFile section */

/* Begin PBXFileReference section */
		3AA93D41230F9E67003FBBF8 /* WebSevice.app */ = {isa = PBXFileReference; explicitFileType = wrapper.application; includeInIndex = 0; path = WebSevice.app; sourceTree = BUILT_PRODUCTS_DIR; };
		3AA93D44230F9E67003FBBF8 /* AppDelegate.swift */ = {isa = PBXFileReference; lastKnownFileType = sourcecode.swift; path = AppDelegate.swift; sourceTree = "<group>"; };
		3AA93D46230F9E67003FBBF8 /* ViewController.swift */ = {isa = PBXFileReference; lastKnownFileType = sourcecode.swift; path = ViewController.swift; sourceTree = "<group>"; };
		3AA93D49230F9E67003FBBF8 /* Base */ = {isa = PBXFileReference; lastKnownFileType = file.storyboard; name = Base; path = Base.lproj/Main.storyboard; sourceTree = "<group>"; };
		3AA93D4B230F9E68003FBBF8 /* Assets.xcassets */ = {isa = PBXFileReference; lastKnownFileType = folder.assetcatalog; path = Assets.xcassets; sourceTree = "<group>"; };
		3AA93D4E230F9E68003FBBF8 /* Base */ = {isa = PBXFileReference; lastKnownFileType = file.storyboard; name = Base; path = Base.lproj/LaunchScreen.storyboard; sourceTree = "<group>"; };
		3AA93D50230F9E68003FBBF8 /* Info.plist */ = {isa = PBXFileReference; lastKnownFileType = text.plist.xml; path = Info.plist; sourceTree = "<group>"; };
		3AA93D56230FA2E3003FBBF8 /* Model.swift */ = {isa = PBXFileReference; lastKnownFileType = sourcecode.swift; path = Model.swift; sourceTree = "<group>"; };
		3AA93D58230FCEEB003FBBF8 /* ListViewController.swift */ = {isa = PBXFileReference; lastKnownFileType = sourcecode.swift; path = ListViewController.swift; sourceTree = "<group>"; };
		3AA93D59230FCEEB003FBBF8 /* ListViewController.xib */ = {isa = PBXFileReference; lastKnownFileType = file.xib; path = ListViewController.xib; sourceTree = "<group>"; };
/* End PBXFileReference section */

/* Begin PBXFrameworksBuildPhase section */
		3AA93D3E230F9E67003FBBF8 /* Frameworks */ = {
			isa = PBXFrameworksBuildPhase;
			buildActionMask = 2147483647;
			files = (
			);
			runOnlyForDeploymentPostprocessing = 0;
		};
/* End PBXFrameworksBuildPhase section */

/* Begin PBXGroup section */
		3AA93D38230F9E67003FBBF8 = {
			isa = PBXGroup;
			children = (
				3AA93D43230F9E67003FBBF8 /* WebSevice */,
				3AA93D42230F9E67003FBBF8 /* Products */,
			);
			sourceTree = "<group>";
		};
		3AA93D42230F9E67003FBBF8 /* Products */ = {
			isa = PBXGroup;
			children = (
				3AA93D41230F9E67003FBBF8 /* WebSevice.app */,
			);
			name = Products;
			sourceTree = "<group>";
		};
		3AA93D43230F9E67003FBBF8 /* WebSevice */ = {
			isa = PBXGroup;
			children = (
				3AA93D44230F9E67003FBBF8 /* AppDelegate.swift */,
				3AA93D46230F9E67003FBBF8 /* ViewController.swift */,
				3AA93D48230F9E67003FBBF8 /* Main.storyboard */,
				3AA93D4B230F9E68003FBBF8 /* Assets.xcassets */,
				3AA93D4D230F9E68003FBBF8 /* LaunchScreen.storyboard */,
				3AA93D50230F9E68003FBBF8 /* Info.plist */,
				3AA93D56230FA2E3003FBBF8 /* Model.swift */,
				3AA93D58230FCEEB003FBBF8 /* ListViewController.swift */,
				3AA93D59230FCEEB003FBBF8 /* ListViewController.xib */,
			);
			path = WebSevice;
			sourceTree = "<group>";
		};
/* End PBXGroup section */

/* Begin PBXNativeTarget section */
		3AA93D40230F9E67003FBBF8 /* WebSevice */ = {
			isa = PBXNativeTarget;
			buildConfigurationList = 3AA93D53230F9E68003FBBF8 /* Build configuration list for PBXNativeTarget "WebSevice" */;
			buildPhases = (
				3AA93D3D230F9E67003FBBF8 /* Sources */,
				3AA93D3E230F9E67003FBBF8 /* Frameworks */,
				3AA93D3F230F9E67003FBBF8 /* Resources */,
			);
			buildRules = (
			);
			dependencies = (
			);
			name = WebSevice;
			productName = WebSevice;
			productReference = 3AA93D41230F9E67003FBBF8 /* WebSevice.app */;
			productType = "com.apple.product-type.application";
		};
/* End PBXNativeTarget section */

/* Begin PBXProject section */
		3AA93D39230F9E67003FBBF8 /* Project object */ = {
			isa = PBXProject;
			attributes = {
				LastSwiftUpdateCheck = 1020;
				LastUpgradeCheck = 1020;
				ORGANIZATIONNAME = AnhDCT;
				TargetAttributes = {
					3AA93D40230F9E67003FBBF8 = {
						CreatedOnToolsVersion = 10.2.1;
					};
				};
			};
			buildConfigurationList = 3AA93D3C230F9E67003FBBF8 /* Build configuration list for PBXProject "WebSevice" */;
			compatibilityVersion = "Xcode 9.3";
			developmentRegion = en;
			hasScannedForEncodings = 0;
			knownRegions = (
				en,
				Base,
			);
			mainGroup = 3AA93D38230F9E67003FBBF8;
			productRefGroup = 3AA93D42230F9E67003FBBF8 /* Products */;
			projectDirPath = "";
			projectRoot = "";
			targets = (
				3AA93D40230F9E67003FBBF8 /* WebSevice */,
			);
		};
/* End PBXProject section */

/* Begin PBXResourcesBuildPhase section */
		3AA93D3F230F9E67003FBBF8 /* Resources */ = {
			isa = PBXResourcesBuildPhase;
			buildActionMask = 2147483647;
			files = (
				3AA93D4F230F9E68003FBBF8 /* LaunchScreen.storyboard in Resources */,
				3AA93D4C230F9E68003FBBF8 /* Assets.xcassets in Resources */,
				3AA93D5B230FCEEB003FBBF8 /* ListViewController.xib in Resources */,
				3AA93D4A230F9E67003FBBF8 /* Main.storyboard in Resources */,
			);
			runOnlyForDeploymentPostprocessing = 0;
		};
/* End PBXResourcesBuildPhase section */

/* Begin PBXSourcesBuildPhase section */
		3AA93D3D230F9E67003FBBF8 /* Sources */ = {
			isa = PBXSourcesBuildPhase;
			buildActionMask = 2147483647;
			files = (
				3AA93D57230FA2E3003FBBF8 /* Model.swift in Sources */,
				3AA93D47230F9E67003FBBF8 /* ViewController.swift in Sources */,
				3AA93D5A230FCEEB003FBBF8 /* ListViewController.swift in Sources */,
				3AA93D45230F9E67003FBBF8 /* AppDelegate.swift in Sources */,
			);
			runOnlyForDeploymentPostprocessing = 0;
		};
/* End PBXSourcesBuildPhase section */

/* Begin PBXVariantGroup section */
		3AA93D48230F9E67003FBBF8 /* Main.storyboard */ = {
			isa = PBXVariantGroup;
			children = (
				3AA93D49230F9E67003FBBF8 /* Base */,
			);
			name = Main.storyboard;
			sourceTree = "<group>";
		};
		3AA93D4D230F9E68003FBBF8 /* LaunchScreen.storyboard */ = {
			isa = PBXVariantGroup;
			children = (
				3AA93D4E230F9E68003FBBF8 /* Base */,
			);
			name = LaunchScreen.storyboard;
			sourceTree = "<group>";
		};
/* End PBXVariantGroup section */

/* Begin XCBuildConfiguration section */
		3AA93D51230F9E68003FBBF8 /* Debug */ = {
			isa = XCBuildConfiguration;
			buildSettings = {
				ALWAYS_SEARCH_USER_PATHS = NO;
				CLANG_ANALYZER_NONNULL = YES;
				CLANG_ANALYZER_NUMBER_OBJECT_CONVERSION = YES_AGGRESSIVE;
				CLANG_CXX_LANGUAGE_STANDARD = "gnu++14";
				CLANG_CXX_LIBRARY = "libc++";
				CLANG_ENABLE_MODULES = YES;
				CLANG_ENABLE_OBJC_ARC = YES;
				CLANG_ENABLE_OBJC_WEAK = YES;
				CLANG_WARN_BLOCK_CAPTURE_AUTORELEASING = YES;
				CLANG_WARN_BOOL_CONVERSION = YES;
				CLANG_WARN_COMMA = YES;
				CLANG_WARN_CONSTANT_CONVERSION = YES;
				CLANG_WARN_DEPRECATED_OBJC_IMPLEMENTATIONS = YES;
				CLANG_WARN_DIRECT_OBJC_ISA_USAGE = YES_ERROR;
				CLANG_WARN_DOCUMENTATION_COMMENTS = YES;
				CLANG_WARN_EMPTY_BODY = YES;
				CLANG_WARN_ENUM_CONVERSION = YES;
				CLANG_WARN_INFINITE_RECURSION = YES;
				CLANG_WARN_INT_CONVERSION = YES;
				CLANG_WARN_NON_LITERAL_NULL_CONVERSION = YES;
				CLANG_WARN_OBJC_IMPLICIT_RETAIN_SELF = YES;
				CLANG_WARN_OBJC_LITERAL_CONVERSION = YES;
				CLANG_WARN_OBJC_ROOT_CLASS = YES_ERROR;
				CLANG_WARN_RANGE_LOOP_ANALYSIS = YES;
				CLANG_WARN_STRICT_PROTOTYPES = YES;
				CLANG_WARN_SUSPICIOUS_MOVE = YES;
				CLANG_WARN_UNGUARDED_AVAILABILITY = YES_AGGRESSIVE;
				CLANG_WARN_UNREACHABLE_CODE = YES;
				CLANG_WARN__DUPLICATE_METHOD_MATCH = YES;
				CODE_SIGN_IDENTITY = "iPhone Developer";
				COPY_PHASE_STRIP = NO;
				DEBUG_INFORMATION_FORMAT = dwarf;
				ENABLE_STRICT_OBJC_MSGSEND = YES;
				ENABLE_TESTABILITY = YES;
				GCC_C_LANGUAGE_STANDARD = gnu11;
				GCC_DYNAMIC_NO_PIC = NO;
				GCC_NO_COMMON_BLOCKS = YES;
				GCC_OPTIMIZATION_LEVEL = 0;
				GCC_PREPROCESSOR_DEFINITIONS = (
					"DEBUG=1",
					"$(inherited)",
				);
				GCC_WARN_64_TO_32_BIT_CONVERSION = YES;
				GCC_WARN_ABOUT_RETURN_TYPE = YES_ERROR;
				GCC_WARN_UNDECLARED_SELECTOR = YES;
				GCC_WARN_UNINITIALIZED_AUTOS = YES_AGGRESSIVE;
				GCC_WARN_UNUSED_FUNCTION = YES;
				GCC_WARN_UNUSED_VARIABLE = YES;
				IPHONEOS_DEPLOYMENT_TARGET = 12.2;
				MTL_ENABLE_DEBUG_INFO = INCLUDE_SOURCE;
				MTL_FAST_MATH = YES;
				ONLY_ACTIVE_ARCH = YES;
				SDKROOT = iphoneos;
				SWIFT_ACTIVE_COMPILATION_CONDITIONS = DEBUG;
				SWIFT_OPTIMIZATION_LEVEL = "-Onone";
			};
			name = Debug;
		};
		3AA93D52230F9E68003FBBF8 /* Release */ = {
			isa = XCBuildConfiguration;
			buildSettings = {
				ALWAYS_SEARCH_USER_PATHS = NO;
				CLANG_ANALYZER_NONNULL = YES;
				CLANG_ANALYZER_NUMBER_OBJECT_CONVERSION = YES_AGGRESSIVE;
				CLANG_CXX_LANGUAGE_STANDARD = "gnu++14";
				CLANG_CXX_LIBRARY = "libc++";
				CLANG_ENABLE_MODULES = YES;
				CLANG_ENABLE_OBJC_ARC = YES;
				CLANG_ENABLE_OBJC_WEAK = YES;
				CLANG_WARN_BLOCK_CAPTURE_AUTORELEASING = YES;
				CLANG_WARN_BOOL_CONVERSION = YES;
				CLANG_WARN_COMMA = YES;
				CLANG_WARN_CONSTANT_CONVERSION = YES;
				CLANG_WARN_DEPRECATED_OBJC_IMPLEMENTATIONS = YES;
				CLANG_WARN_DIRECT_OBJC_ISA_USAGE = YES_ERROR;
				CLANG_WARN_DOCUMENTATION_COMMENTS = YES;
				CLANG_WARN_EMPTY_BODY = YES;
				CLANG_WARN_ENUM_CONVERSION = YES;
				CLANG_WARN_INFINITE_RECURSION = YES;
				CLANG_WARN_INT_CONVERSION = YES;
				CLANG_WARN_NON_LITERAL_NULL_CONVERSION = YES;
				CLANG_WARN_OBJC_IMPLICIT_RETAIN_SELF = YES;
				CLANG_WARN_OBJC_LITERAL_CONVERSION = YES;
				CLANG_WARN_OBJC_ROOT_CLASS = YES_ERROR;
				CLANG_WARN_RANGE_LOOP_ANALYSIS = YES;
				CLANG_WARN_STRICT_PROTOTYPES = YES;
				CLANG_WARN_SUSPICIOUS_MOVE = YES;
				CLANG_WARN_UNGUARDED_AVAILABILITY = YES_AGGRESSIVE;
				CLANG_WARN_UNREACHABLE_CODE = YES;
				CLANG_WARN__DUPLICATE_METHOD_MATCH = YES;
				CODE_SIGN_IDENTITY = "iPhone Developer";
				COPY_PHASE_STRIP = NO;
				DEBUG_INFORMATION_FORMAT = "dwarf-with-dsym";
				ENABLE_NS_ASSERTIONS = NO;
				ENABLE_STRICT_OBJC_MSGSEND = YES;
				GCC_C_LANGUAGE_STANDARD = gnu11;
				GCC_NO_COMMON_BLOCKS = YES;
				GCC_WARN_64_TO_32_BIT_CONVERSION = YES;
				GCC_WARN_ABOUT_RETURN_TYPE = YES_ERROR;
				GCC_WARN_UNDECLARED_SELECTOR = YES;
				GCC_WARN_UNINITIALIZED_AUTOS = YES_AGGRESSIVE;
				GCC_WARN_UNUSED_FUNCTION = YES;
				GCC_WARN_UNUSED_VARIABLE = YES;
				IPHONEOS_DEPLOYMENT_TARGET = 12.2;
				MTL_ENABLE_DEBUG_INFO = NO;
				MTL_FAST_MATH = YES;
				SDKROOT = iphoneos;
				SWIFT_COMPILATION_MODE = wholemodule;
				SWIFT_OPTIMIZATION_LEVEL = "-O";
				VALIDATE_PRODUCT = YES;
			};
			name = Release;
		};
		3AA93D54230F9E68003FBBF8 /* Debug */ = {
			isa = XCBuildConfiguration;
			buildSettings = {
				ASSETCATALOG_COMPILER_APPICON_NAME = AppIcon;
				CODE_SIGN_STYLE = Automatic;
				INFOPLIST_FILE = WebSevice/Info.plist;
				LD_RUNPATH_SEARCH_PATHS = (
					"$(inherited)",
					"@executable_path/Frameworks",
				);
				PRODUCT_BUNDLE_IDENTIFIER = com.duongtuan.WebSevice;
				PRODUCT_NAME = "$(TARGET_NAME)";
				SWIFT_VERSION = 5.0;
				TARGETED_DEVICE_FAMILY = "1,2";
			};
			name = Debug;
		};
		3AA93D55230F9E68003FBBF8 /* Release */ = {
			isa = XCBuildConfiguration;
			buildSettings = {
				ASSETCATALOG_COMPILER_APPICON_NAME = AppIcon;
				CODE_SIGN_STYLE = Automatic;
				INFOPLIST_FILE = WebSevice/Info.plist;
				LD_RUNPATH_SEARCH_PATHS = (
					"$(inherited)",
					"@executable_path/Frameworks",
				);
				PRODUCT_BUNDLE_IDENTIFIER = com.duongtuan.WebSevice;
				PRODUCT_NAME = "$(TARGET_NAME)";
				SWIFT_VERSION = 5.0;
				TARGETED_DEVICE_FAMILY = "1,2";
			};
			name = Release;
		};
/* End XCBuildConfiguration section */

/* Begin XCConfigurationList section */
		3AA93D3C230F9E67003FBBF8 /* Build configuration list for PBXProject "WebSevice" */ = {
			isa = XCConfigurationList;
			buildConfigurations = (
				3AA93D51230F9E68003FBBF8 /* Debug */,
				3AA93D52230F9E68003FBBF8 /* Release */,
			);
			defaultConfigurationIsVisible = 0;
			defaultConfigurationName = Release;
		};
		3AA93D53230F9E68003FBBF8 /* Build configuration list for PBXNativeTarget "WebSevice" */ = {
			isa = XCConfigurationList;
			buildConfigurations = (
				3AA93D54230F9E68003FBBF8 /* Debug */,
				3AA93D55230F9E68003FBBF8 /* Release */,
			);
			defaultConfigurationIsVisible = 0;
			defaultConfigurationName = Release;
		};
/* End XCConfigurationList section */
	};
	rootObject = 3AA93D39230F9E67003FBBF8 /* Project object */;
}
